// !$*UTF8*$!
{
	archiveVersion = 1;
	classes = {
	};
	objectVersion = 46;
	objects = {

/* Begin PBXBuildFile section */
		EB688F8919EC5D99000EC48D /* AppDelegate.swift in Sources */ = {isa = PBXBuildFile; fileRef = EB688F8819EC5D99000EC48D /* AppDelegate.swift */; };
		EB688F8C19EC5D99000EC48D /* PhotoFilterApp.xcdatamodeld in Sources */ = {isa = PBXBuildFile; fileRef = EB688F8A19EC5D99000EC48D /* PhotoFilterApp.xcdatamodeld */; };
		EB688F8E19EC5D99000EC48D /* ViewController.swift in Sources */ = {isa = PBXBuildFile; fileRef = EB688F8D19EC5D99000EC48D /* ViewController.swift */; };
		EB688F9119EC5D99000EC48D /* Main.storyboard in Resources */ = {isa = PBXBuildFile; fileRef = EB688F8F19EC5D99000EC48D /* Main.storyboard */; };
		EB688F9319EC5D99000EC48D /* Images.xcassets in Resources */ = {isa = PBXBuildFile; fileRef = EB688F9219EC5D99000EC48D /* Images.xcassets */; };
		EB688F9619EC5D99000EC48D /* LaunchScreen.xib in Resources */ = {isa = PBXBuildFile; fileRef = EB688F9419EC5D99000EC48D /* LaunchScreen.xib */; };
		EB688FA219EC5D99000EC48D /* PhotoFilterAppTests.swift in Sources */ = {isa = PBXBuildFile; fileRef = EB688FA119EC5D99000EC48D /* PhotoFilterAppTests.swift */; };
		EB688FB619EC5F2F000EC48D /* photo1.jpeg in Resources */ = {isa = PBXBuildFile; fileRef = EB688FAE19EC5F2F000EC48D /* photo1.jpeg */; };
		EB688FB719EC5F2F000EC48D /* photo2.jpeg in Resources */ = {isa = PBXBuildFile; fileRef = EB688FAF19EC5F2F000EC48D /* photo2.jpeg */; };
		EB688FB819EC5F2F000EC48D /* photo3.jpeg in Resources */ = {isa = PBXBuildFile; fileRef = EB688FB019EC5F2F000EC48D /* photo3.jpeg */; };
		EB688FB919EC5F2F000EC48D /* photo4.jpeg in Resources */ = {isa = PBXBuildFile; fileRef = EB688FB119EC5F2F000EC48D /* photo4.jpeg */; };
		EB688FBA19EC5F2F000EC48D /* photo5.jpeg in Resources */ = {isa = PBXBuildFile; fileRef = EB688FB219EC5F2F000EC48D /* photo5.jpeg */; };
		EB688FBB19EC5F2F000EC48D /* photo6.jpeg in Resources */ = {isa = PBXBuildFile; fileRef = EB688FB319EC5F2F000EC48D /* photo6.jpeg */; };
		EB688FBC19EC5F2F000EC48D /* photo7.jpg in Resources */ = {isa = PBXBuildFile; fileRef = EB688FB419EC5F2F000EC48D /* photo7.jpg */; };
		EB688FBD19EC5F2F000EC48D /* photo8.jpg in Resources */ = {isa = PBXBuildFile; fileRef = EB688FB519EC5F2F000EC48D /* photo8.jpg */; };
		EB688FC019EC62E2000EC48D /* GalleryViewController.swift in Sources */ = {isa = PBXBuildFile; fileRef = EB688FBF19EC62E2000EC48D /* GalleryViewController.swift */; };
		EB688FC219EC6713000EC48D /* GalleryCell.swift in Sources */ = {isa = PBXBuildFile; fileRef = EB688FC119EC6713000EC48D /* GalleryCell.swift */; };
		EB688FC419EC70DA000EC48D /* GalleryDelegate.swift in Sources */ = {isa = PBXBuildFile; fileRef = EB688FC319EC70D9000EC48D /* GalleryDelegate.swift */; };
		EB688FC619EC9439000EC48D /* CollectionHeaderView.swift in Sources */ = {isa = PBXBuildFile; fileRef = EB688FC519EC9439000EC48D /* CollectionHeaderView.swift */; };
		EB688FC819EC9A62000EC48D /* CollectionFooterView.swift in Sources */ = {isa = PBXBuildFile; fileRef = EB688FC719EC9A62000EC48D /* CollectionFooterView.swift */; };
		EB6DD01419EDDEE9003AD594 /* FilteredThumbnail.swift in Sources */ = {isa = PBXBuildFile; fileRef = EB6DD01319EDDEE9003AD594 /* FilteredThumbnail.swift */; };
		EB91484319EDC5E400C0C0BE /* CoreDataSeeder.swift in Sources */ = {isa = PBXBuildFile; fileRef = EB91484219EDC5E400C0C0BE /* CoreDataSeeder.swift */; };
		EB91484819EDC72B00C0C0BE /* Filter.swift in Sources */ = {isa = PBXBuildFile; fileRef = EB91484719EDC72B00C0C0BE /* Filter.swift */; };
		EB91484A19EDD17900C0C0BE /* FilteredThumbnailPhotoCell.swift in Sources */ = {isa = PBXBuildFile; fileRef = EB91484919EDD17900C0C0BE /* FilteredThumbnailPhotoCell.swift */; };
/* End PBXBuildFile section */

/* Begin PBXContainerItemProxy section */
		EB688F9C19EC5D99000EC48D /* PBXContainerItemProxy */ = {
			isa = PBXContainerItemProxy;
			containerPortal = EB688F7B19EC5D99000EC48D /* Project object */;
			proxyType = 1;
			remoteGlobalIDString = EB688F8219EC5D99000EC48D;
			remoteInfo = PhotoFilterApp;
		};
/* End PBXContainerItemProxy section */

/* Begin PBXFileReference section */
		EB688F8319EC5D99000EC48D /* PhotoFilterApp.app */ = {isa = PBXFileReference; explicitFileType = wrapper.application; includeInIndex = 0; path = PhotoFilterApp.app; sourceTree = BUILT_PRODUCTS_DIR; };
		EB688F8719EC5D99000EC48D /* Info.plist */ = {isa = PBXFileReference; lastKnownFileType = text.plist.xml; path = Info.plist; sourceTree = "<group>"; };
		EB688F8819EC5D99000EC48D /* AppDelegate.swift */ = {isa = PBXFileReference; lastKnownFileType = sourcecode.swift; path = AppDelegate.swift; sourceTree = "<group>"; };
		EB688F8B19EC5D99000EC48D /* PhotoFilterApp.xcdatamodel */ = {isa = PBXFileReference; lastKnownFileType = wrapper.xcdatamodel; path = PhotoFilterApp.xcdatamodel; sourceTree = "<group>"; };
		EB688F8D19EC5D99000EC48D /* ViewController.swift */ = {isa = PBXFileReference; lastKnownFileType = sourcecode.swift; path = ViewController.swift; sourceTree = "<group>"; };
		EB688F9019EC5D99000EC48D /* Base */ = {isa = PBXFileReference; lastKnownFileType = file.storyboard; name = Base; path = Base.lproj/Main.storyboard; sourceTree = "<group>"; };
		EB688F9219EC5D99000EC48D /* Images.xcassets */ = {isa = PBXFileReference; lastKnownFileType = folder.assetcatalog; path = Images.xcassets; sourceTree = "<group>"; };
		EB688F9519EC5D99000EC48D /* Base */ = {isa = PBXFileReference; lastKnownFileType = file.xib; name = Base; path = Base.lproj/LaunchScreen.xib; sourceTree = "<group>"; };
		EB688F9B19EC5D99000EC48D /* PhotoFilterAppTests.xctest */ = {isa = PBXFileReference; explicitFileType = wrapper.cfbundle; includeInIndex = 0; path = PhotoFilterAppTests.xctest; sourceTree = BUILT_PRODUCTS_DIR; };
		EB688FA019EC5D99000EC48D /* Info.plist */ = {isa = PBXFileReference; lastKnownFileType = text.plist.xml; path = Info.plist; sourceTree = "<group>"; };
		EB688FA119EC5D99000EC48D /* PhotoFilterAppTests.swift */ = {isa = PBXFileReference; lastKnownFileType = sourcecode.swift; path = PhotoFilterAppTests.swift; sourceTree = "<group>"; };
		EB688FAE19EC5F2F000EC48D /* photo1.jpeg */ = {isa = PBXFileReference; lastKnownFileType = image.jpeg; path = photo1.jpeg; sourceTree = "<group>"; };
		EB688FAF19EC5F2F000EC48D /* photo2.jpeg */ = {isa = PBXFileReference; lastKnownFileType = image.jpeg; path = photo2.jpeg; sourceTree = "<group>"; };
		EB688FB019EC5F2F000EC48D /* photo3.jpeg */ = {isa = PBXFileReference; lastKnownFileType = image.jpeg; path = photo3.jpeg; sourceTree = "<group>"; };
		EB688FB119EC5F2F000EC48D /* photo4.jpeg */ = {isa = PBXFileReference; lastKnownFileType = image.jpeg; path = photo4.jpeg; sourceTree = "<group>"; };
		EB688FB219EC5F2F000EC48D /* photo5.jpeg */ = {isa = PBXFileReference; lastKnownFileType = image.jpeg; path = photo5.jpeg; sourceTree = "<group>"; };
		EB688FB319EC5F2F000EC48D /* photo6.jpeg */ = {isa = PBXFileReference; lastKnownFileType = image.jpeg; path = photo6.jpeg; sourceTree = "<group>"; };
		EB688FB419EC5F2F000EC48D /* photo7.jpg */ = {isa = PBXFileReference; lastKnownFileType = image.jpeg; path = photo7.jpg; sourceTree = "<group>"; };
		EB688FB519EC5F2F000EC48D /* photo8.jpg */ = {isa = PBXFileReference; lastKnownFileType = image.jpeg; path = photo8.jpg; sourceTree = "<group>"; };
		EB688FBF19EC62E2000EC48D /* GalleryViewController.swift */ = {isa = PBXFileReference; fileEncoding = 4; lastKnownFileType = sourcecode.swift; path = GalleryViewController.swift; sourceTree = "<group>"; };
		EB688FC119EC6713000EC48D /* GalleryCell.swift */ = {isa = PBXFileReference; fileEncoding = 4; lastKnownFileType = sourcecode.swift; path = GalleryCell.swift; sourceTree = "<group>"; };
		EB688FC319EC70D9000EC48D /* GalleryDelegate.swift */ = {isa = PBXFileReference; fileEncoding = 4; lastKnownFileType = sourcecode.swift; path = GalleryDelegate.swift; sourceTree = "<group>"; };
		EB688FC519EC9439000EC48D /* CollectionHeaderView.swift */ = {isa = PBXFileReference; fileEncoding = 4; lastKnownFileType = sourcecode.swift; path = CollectionHeaderView.swift; sourceTree = "<group>"; };
		EB688FC719EC9A62000EC48D /* CollectionFooterView.swift */ = {isa = PBXFileReference; fileEncoding = 4; lastKnownFileType = sourcecode.swift; path = CollectionFooterView.swift; sourceTree = "<group>"; };
		EB6DD01319EDDEE9003AD594 /* FilteredThumbnail.swift */ = {isa = PBXFileReference; fileEncoding = 4; lastKnownFileType = sourcecode.swift; path = FilteredThumbnail.swift; sourceTree = "<group>"; };
		EB91484219EDC5E400C0C0BE /* CoreDataSeeder.swift */ = {isa = PBXFileReference; fileEncoding = 4; lastKnownFileType = sourcecode.swift; name = CoreDataSeeder.swift; path = ../CoreDataSeeder.swift; sourceTree = "<group>"; };
		EB91484719EDC72B00C0C0BE /* Filter.swift */ = {isa = PBXFileReference; fileEncoding = 4; lastKnownFileType = sourcecode.swift; path = Filter.swift; sourceTree = "<group>"; };
		EB91484919EDD17900C0C0BE /* FilteredThumbnailPhotoCell.swift */ = {isa = PBXFileReference; fileEncoding = 4; lastKnownFileType = sourcecode.swift; path = FilteredThumbnailPhotoCell.swift; sourceTree = "<group>"; };
/* End PBXFileReference section */

/* Begin PBXFrameworksBuildPhase section */
		EB688F8019EC5D99000EC48D /* Frameworks */ = {
			isa = PBXFrameworksBuildPhase;
			buildActionMask = 2147483647;
			files = (
			);
			runOnlyForDeploymentPostprocessing = 0;
		};
		EB688F9819EC5D99000EC48D /* Frameworks */ = {
			isa = PBXFrameworksBuildPhase;
			buildActionMask = 2147483647;
			files = (
			);
			runOnlyForDeploymentPostprocessing = 0;
		};
/* End PBXFrameworksBuildPhase section */

/* Begin PBXGroup section */
		EB688F7A19EC5D99000EC48D = {
			isa = PBXGroup;
			children = (
				EB688F8519EC5D99000EC48D /* PhotoFilterApp */,
				EB688F9E19EC5D99000EC48D /* PhotoFilterAppTests */,
				EB688F8419EC5D99000EC48D /* Products */,
			);
			sourceTree = "<group>";
		};
		EB688F8419EC5D99000EC48D /* Products */ = {
			isa = PBXGroup;
			children = (
				EB688F8319EC5D99000EC48D /* PhotoFilterApp.app */,
				EB688F9B19EC5D99000EC48D /* PhotoFilterAppTests.xctest */,
			);
			name = Products;
			sourceTree = "<group>";
		};
		EB688F8519EC5D99000EC48D /* PhotoFilterApp */ = {
			isa = PBXGroup;
			children = (
				EB688F8819EC5D99000EC48D /* AppDelegate.swift */,
				EB688FAD19EC5DB6000EC48D /* Model */,
				EB688FAC19EC5DB1000EC48D /* Controller */,
				EB688FAB19EC5DAC000EC48D /* View */,
				EB688F8619EC5D99000EC48D /* Supporting Files */,
			);
			path = PhotoFilterApp;
			sourceTree = "<group>";
		};
		EB688F8619EC5D99000EC48D /* Supporting Files */ = {
			isa = PBXGroup;
			children = (
				EB688F9219EC5D99000EC48D /* Images.xcassets */,
				EB688F9419EC5D99000EC48D /* LaunchScreen.xib */,
				EB688F8A19EC5D99000EC48D /* PhotoFilterApp.xcdatamodeld */,
				EB688FBE19EC5F36000EC48D /* Images */,
				EB688F8719EC5D99000EC48D /* Info.plist */,
			);
			name = "Supporting Files";
			sourceTree = "<group>";
		};
		EB688F9E19EC5D99000EC48D /* PhotoFilterAppTests */ = {
			isa = PBXGroup;
			children = (
				EB688FA119EC5D99000EC48D /* PhotoFilterAppTests.swift */,
				EB688F9F19EC5D99000EC48D /* Supporting Files */,
			);
			path = PhotoFilterAppTests;
			sourceTree = "<group>";
		};
		EB688F9F19EC5D99000EC48D /* Supporting Files */ = {
			isa = PBXGroup;
			children = (
				EB688FA019EC5D99000EC48D /* Info.plist */,
			);
			name = "Supporting Files";
			sourceTree = "<group>";
		};
		EB688FAB19EC5DAC000EC48D /* View */ = {
			isa = PBXGroup;
			children = (
				EB91484919EDD17900C0C0BE /* FilteredThumbnailPhotoCell.swift */,
				EB688FC719EC9A62000EC48D /* CollectionFooterView.swift */,
				EB688FC519EC9439000EC48D /* CollectionHeaderView.swift */,
				EB688FC119EC6713000EC48D /* GalleryCell.swift */,
				EB688F8F19EC5D99000EC48D /* Main.storyboard */,
			);
			name = View;
			sourceTree = "<group>";
		};
		EB688FAC19EC5DB1000EC48D /* Controller */ = {
			isa = PBXGroup;
			children = (
				EB688F8D19EC5D99000EC48D /* ViewController.swift */,
				EB688FBF19EC62E2000EC48D /* GalleryViewController.swift */,
			);
			name = Controller;
			sourceTree = "<group>";
		};
		EB688FAD19EC5DB6000EC48D /* Model */ = {
			isa = PBXGroup;
			children = (
				EB6DD01319EDDEE9003AD594 /* FilteredThumbnail.swift */,
				EB91484219EDC5E400C0C0BE /* CoreDataSeeder.swift */,
				EB91484719EDC72B00C0C0BE /* Filter.swift */,
				EB688FC319EC70D9000EC48D /* GalleryDelegate.swift */,
			);
			name = Model;
			sourceTree = "<group>";
		};
		EB688FBE19EC5F36000EC48D /* Images */ = {
			isa = PBXGroup;
			children = (
				EB688FB519EC5F2F000EC48D /* photo8.jpg */,
				EB688FAF19EC5F2F000EC48D /* photo2.jpeg */,
				EB688FB019EC5F2F000EC48D /* photo3.jpeg */,
				EB688FB119EC5F2F000EC48D /* photo4.jpeg */,
				EB688FB219EC5F2F000EC48D /* photo5.jpeg */,
				EB688FB319EC5F2F000EC48D /* photo6.jpeg */,
				EB688FB419EC5F2F000EC48D /* photo7.jpg */,
				EB688FAE19EC5F2F000EC48D /* photo1.jpeg */,
			);
			name = Images;
			sourceTree = "<group>";
		};
/* End PBXGroup section */

/* Begin PBXNativeTarget section */
		EB688F8219EC5D99000EC48D /* PhotoFilterApp */ = {
			isa = PBXNativeTarget;
			buildConfigurationList = EB688FA519EC5D99000EC48D /* Build configuration list for PBXNativeTarget "PhotoFilterApp" */;
			buildPhases = (
				EB688F7F19EC5D99000EC48D /* Sources */,
				EB688F8019EC5D99000EC48D /* Frameworks */,
				EB688F8119EC5D99000EC48D /* Resources */,
			);
			buildRules = (
			);
			dependencies = (
			);
			name = PhotoFilterApp;
			productName = PhotoFilterApp;
			productReference = EB688F8319EC5D99000EC48D /* PhotoFilterApp.app */;
			productType = "com.apple.product-type.application";
		};
		EB688F9A19EC5D99000EC48D /* PhotoFilterAppTests */ = {
			isa = PBXNativeTarget;
			buildConfigurationList = EB688FA819EC5D99000EC48D /* Build configuration list for PBXNativeTarget "PhotoFilterAppTests" */;
			buildPhases = (
				EB688F9719EC5D99000EC48D /* Sources */,
				EB688F9819EC5D99000EC48D /* Frameworks */,
				EB688F9919EC5D99000EC48D /* Resources */,
			);
			buildRules = (
			);
			dependencies = (
				EB688F9D19EC5D99000EC48D /* PBXTargetDependency */,
			);
			name = PhotoFilterAppTests;
			productName = PhotoFilterAppTests;
			productReference = EB688F9B19EC5D99000EC48D /* PhotoFilterAppTests.xctest */;
			productType = "com.apple.product-type.bundle.unit-test";
		};
/* End PBXNativeTarget section */

/* Begin PBXProject section */
		EB688F7B19EC5D99000EC48D /* Project object */ = {
			isa = PBXProject;
			attributes = {
				LastUpgradeCheck = 0600;
				ORGANIZATIONNAME = VincentLee;
				TargetAttributes = {
					EB688F8219EC5D99000EC48D = {
						CreatedOnToolsVersion = 6.0.1;
					};
					EB688F9A19EC5D99000EC48D = {
						CreatedOnToolsVersion = 6.0.1;
						TestTargetID = EB688F8219EC5D99000EC48D;
					};
				};
			};
			buildConfigurationList = EB688F7E19EC5D99000EC48D /* Build configuration list for PBXProject "PhotoFilterApp" */;
			compatibilityVersion = "Xcode 3.2";
			developmentRegion = English;
			hasScannedForEncodings = 0;
			knownRegions = (
				en,
				Base,
			);
			mainGroup = EB688F7A19EC5D99000EC48D;
			productRefGroup = EB688F8419EC5D99000EC48D /* Products */;
			projectDirPath = "";
			projectRoot = "";
			targets = (
				EB688F8219EC5D99000EC48D /* PhotoFilterApp */,
				EB688F9A19EC5D99000EC48D /* PhotoFilterAppTests */,
			);
		};
/* End PBXProject section */

/* Begin PBXResourcesBuildPhase section */
		EB688F8119EC5D99000EC48D /* Resources */ = {
			isa = PBXResourcesBuildPhase;
			buildActionMask = 2147483647;
			files = (
				EB688FBC19EC5F2F000EC48D /* photo7.jpg in Resources */,
				EB688FB819EC5F2F000EC48D /* photo3.jpeg in Resources */,
				EB688FBD19EC5F2F000EC48D /* photo8.jpg in Resources */,
				EB688FB919EC5F2F000EC48D /* photo4.jpeg in Resources */,
				EB688FB719EC5F2F000EC48D /* photo2.jpeg in Resources */,
				EB688FBB19EC5F2F000EC48D /* photo6.jpeg in Resources */,
				EB688F9119EC5D99000EC48D /* Main.storyboard in Resources */,
				EB688F9619EC5D99000EC48D /* LaunchScreen.xib in Resources */,
				EB688FB619EC5F2F000EC48D /* photo1.jpeg in Resources */,
				EB688FBA19EC5F2F000EC48D /* photo5.jpeg in Resources */,
				EB688F9319EC5D99000EC48D /* Images.xcassets in Resources */,
			);
			runOnlyForDeploymentPostprocessing = 0;
		};
		EB688F9919EC5D99000EC48D /* Resources */ = {
			isa = PBXResourcesBuildPhase;
			buildActionMask = 2147483647;
			files = (
			);
			runOnlyForDeploymentPostprocessing = 0;
		};
/* End PBXResourcesBuildPhase section */

/* Begin PBXSourcesBuildPhase section */
		EB688F7F19EC5D99000EC48D /* Sources */ = {
			isa = PBXSourcesBuildPhase;
			buildActionMask = 2147483647;
			files = (
				EB688F8E19EC5D99000EC48D /* ViewController.swift in Sources */,
				EB91484A19EDD17900C0C0BE /* FilteredThumbnailPhotoCell.swift in Sources */,
				EB91484819EDC72B00C0C0BE /* Filter.swift in Sources */,
				EB688FC219EC6713000EC48D /* GalleryCell.swift in Sources */,
				EB688FC019EC62E2000EC48D /* GalleryViewController.swift in Sources */,
				EB6DD01419EDDEE9003AD594 /* FilteredThumbnail.swift in Sources */,
				EB688FC819EC9A62000EC48D /* CollectionFooterView.swift in Sources */,
				EB688F8C19EC5D99000EC48D /* PhotoFilterApp.xcdatamodeld in Sources */,
				EB688FC619EC9439000EC48D /* CollectionHeaderView.swift in Sources */,
				EB688F8919EC5D99000EC48D /* AppDelegate.swift in Sources */,
				EB91484319EDC5E400C0C0BE /* CoreDataSeeder.swift in Sources */,
				EB688FC419EC70DA000EC48D /* GalleryDelegate.swift in Sources */,
			);
			runOnlyForDeploymentPostprocessing = 0;
		};
		EB688F9719EC5D99000EC48D /* Sources */ = {
			isa = PBXSourcesBuildPhase;
			buildActionMask = 2147483647;
			files = (
				EB688FA219EC5D99000EC48D /* PhotoFilterAppTests.swift in Sources */,
			);
			runOnlyForDeploymentPostprocessing = 0;
		};
/* End PBXSourcesBuildPhase section */

/* Begin PBXTargetDependency section */
		EB688F9D19EC5D99000EC48D /* PBXTargetDependency */ = {
			isa = PBXTargetDependency;
			target = EB688F8219EC5D99000EC48D /* PhotoFilterApp */;
			targetProxy = EB688F9C19EC5D99000EC48D /* PBXContainerItemProxy */;
		};
/* End PBXTargetDependency section */

/* Begin PBXVariantGroup section */
		EB688F8F19EC5D99000EC48D /* Main.storyboard */ = {
			isa = PBXVariantGroup;
			children = (
				EB688F9019EC5D99000EC48D /* Base */,
			);
			name = Main.storyboard;
			sourceTree = "<group>";
		};
		EB688F9419EC5D99000EC48D /* LaunchScreen.xib */ = {
			isa = PBXVariantGroup;
			children = (
				EB688F9519EC5D99000EC48D /* Base */,
			);
			name = LaunchScreen.xib;
			sourceTree = "<group>";
		};
/* End PBXVariantGroup section */

/* Begin XCBuildConfiguration section */
		EB688FA319EC5D99000EC48D /* Debug */ = {
			isa = XCBuildConfiguration;
			buildSettings = {
				ALWAYS_SEARCH_USER_PATHS = NO;
				CLANG_CXX_LANGUAGE_STANDARD = "gnu++0x";
				CLANG_CXX_LIBRARY = "libc++";
				CLANG_ENABLE_MODULES = YES;
				CLANG_ENABLE_OBJC_ARC = YES;
				CLANG_WARN_BOOL_CONVERSION = YES;
				CLANG_WARN_CONSTANT_CONVERSION = YES;
				CLANG_WARN_DIRECT_OBJC_ISA_USAGE = YES_ERROR;
				CLANG_WARN_EMPTY_BODY = YES;
				CLANG_WARN_ENUM_CONVERSION = YES;
				CLANG_WARN_INT_CONVERSION = YES;
				CLANG_WARN_OBJC_ROOT_CLASS = YES_ERROR;
				CLANG_WARN_UNREACHABLE_CODE = YES;
				CLANG_WARN__DUPLICATE_METHOD_MATCH = YES;
				"CODE_SIGN_IDENTITY[sdk=iphoneos*]" = "iPhone Developer";
				COPY_PHASE_STRIP = NO;
				ENABLE_STRICT_OBJC_MSGSEND = YES;
				GCC_C_LANGUAGE_STANDARD = gnu99;
				GCC_DYNAMIC_NO_PIC = NO;
				GCC_OPTIMIZATION_LEVEL = 0;
				GCC_PREPROCESSOR_DEFINITIONS = (
					"DEBUG=1",
					"$(inherited)",
				);
				GCC_SYMBOLS_PRIVATE_EXTERN = NO;
				GCC_WARN_64_TO_32_BIT_CONVERSION = YES;
				GCC_WARN_ABOUT_RETURN_TYPE = YES_ERROR;
				GCC_WARN_UNDECLARED_SELECTOR = YES;
				GCC_WARN_UNINITIALIZED_AUTOS = YES_AGGRESSIVE;
				GCC_WARN_UNUSED_FUNCTION = YES;
				GCC_WARN_UNUSED_VARIABLE = YES;
				IPHONEOS_DEPLOYMENT_TARGET = 8.0;
				MTL_ENABLE_DEBUG_INFO = YES;
				ONLY_ACTIVE_ARCH = YES;
				SDKROOT = iphoneos;
				SWIFT_OPTIMIZATION_LEVEL = "-Onone";
				TARGETED_DEVICE_FAMILY = "1,2";
			};
			name = Debug;
		};
		EB688FA419EC5D99000EC48D /* Release */ = {
			isa = XCBuildConfiguration;
			buildSettings = {
				ALWAYS_SEARCH_USER_PATHS = NO;
				CLANG_CXX_LANGUAGE_STANDARD = "gnu++0x";
				CLANG_CXX_LIBRARY = "libc++";
				CLANG_ENABLE_MODULES = YES;
				CLANG_ENABLE_OBJC_ARC = YES;
				CLANG_WARN_BOOL_CONVERSION = YES;
				CLANG_WARN_CONSTANT_CONVERSION = YES;
				CLANG_WARN_DIRECT_OBJC_ISA_USAGE = YES_ERROR;
				CLANG_WARN_EMPTY_BODY = YES;
				CLANG_WARN_ENUM_CONVERSION = YES;
				CLANG_WARN_INT_CONVERSION = YES;
				CLANG_WARN_OBJC_ROOT_CLASS = YES_ERROR;
				CLANG_WARN_UNREACHABLE_CODE = YES;
				CLANG_WARN__DUPLICATE_METHOD_MATCH = YES;
				"CODE_SIGN_IDENTITY[sdk=iphoneos*]" = "iPhone Developer";
				COPY_PHASE_STRIP = YES;
				ENABLE_NS_ASSERTIONS = NO;
				ENABLE_STRICT_OBJC_MSGSEND = YES;
				GCC_C_LANGUAGE_STANDARD = gnu99;
				GCC_WARN_64_TO_32_BIT_CONVERSION = YES;
				GCC_WARN_ABOUT_RETURN_TYPE = YES_ERROR;
				GCC_WARN_UNDECLARED_SELECTOR = YES;
				GCC_WARN_UNINITIALIZED_AUTOS = YES_AGGRESSIVE;
				GCC_WARN_UNUSED_FUNCTION = YES;
				GCC_WARN_UNUSED_VARIABLE = YES;
				IPHONEOS_DEPLOYMENT_TARGET = 8.0;
				MTL_ENABLE_DEBUG_INFO = NO;
				SDKROOT = iphoneos;
				TARGETED_DEVICE_FAMILY = "1,2";
				VALIDATE_PRODUCT = YES;
			};
			name = Release;
		};
		EB688FA619EC5D99000EC48D /* Debug */ = {
			isa = XCBuildConfiguration;
			buildSettings = {
				ASSETCATALOG_COMPILER_APPICON_NAME = AppIcon;
				CLANG_ENABLE_MODULES = YES;
				INFOPLIST_FILE = PhotoFilterApp/Info.plist;
				LD_RUNPATH_SEARCH_PATHS = "$(inherited) @executable_path/Frameworks";
				PRODUCT_NAME = "$(TARGET_NAME)";
				SWIFT_OPTIMIZATION_LEVEL = "-Onone";
			};
			name = Debug;
		};
		EB688FA719EC5D99000EC48D /* Release */ = {
			isa = XCBuildConfiguration;
			buildSettings = {
				ASSETCATALOG_COMPILER_APPICON_NAME = AppIcon;
				CLANG_ENABLE_MODULES = YES;
				INFOPLIST_FILE = PhotoFilterApp/Info.plist;
				LD_RUNPATH_SEARCH_PATHS = "$(inherited) @executable_path/Frameworks";
				PRODUCT_NAME = "$(TARGET_NAME)";
			};
			name = Release;
		};
		EB688FA919EC5D99000EC48D /* Debug */ = {
			isa = XCBuildConfiguration;
			buildSettings = {
				BUNDLE_LOADER = "$(TEST_HOST)";
				FRAMEWORK_SEARCH_PATHS = (
					"$(SDKROOT)/Developer/Library/Frameworks",
					"$(inherited)",
				);
				GCC_PREPROCESSOR_DEFINITIONS = (
					"DEBUG=1",
					"$(inherited)",
				);
				INFOPLIST_FILE = PhotoFilterAppTests/Info.plist;
				LD_RUNPATH_SEARCH_PATHS = "$(inherited) @executable_path/Frameworks @loader_path/Frameworks";
				PRODUCT_NAME = "$(TARGET_NAME)";
				TEST_HOST = "$(BUILT_PRODUCTS_DIR)/PhotoFilterApp.app/PhotoFilterApp";
			};
			name = Debug;
		};
		EB688FAA19EC5D99000EC48D /* Release */ = {
			isa = XCBuildConfiguration;
			buildSettings = {
				BUNDLE_LOADER = "$(TEST_HOST)";
				FRAMEWORK_SEARCH_PATHS = (
					"$(SDKROOT)/Developer/Library/Frameworks",
					"$(inherited)",
				);
				INFOPLIST_FILE = PhotoFilterAppTests/Info.plist;
				LD_RUNPATH_SEARCH_PATHS = "$(inherited) @executable_path/Frameworks @loader_path/Frameworks";
				PRODUCT_NAME = "$(TARGET_NAME)";
				TEST_HOST = "$(BUILT_PRODUCTS_DIR)/PhotoFilterApp.app/PhotoFilterApp";
			};
			name = Release;
		};
/* End XCBuildConfiguration section */

/* Begin XCConfigurationList section */
		EB688F7E19EC5D99000EC48D /* Build configuration list for PBXProject "PhotoFilterApp" */ = {
			isa = XCConfigurationList;
			buildConfigurations = (
				EB688FA319EC5D99000EC48D /* Debug */,
				EB688FA419EC5D99000EC48D /* Release */,
			);
			defaultConfigurationIsVisible = 0;
			defaultConfigurationName = Release;
		};
		EB688FA519EC5D99000EC48D /* Build configuration list for PBXNativeTarget "PhotoFilterApp" */ = {
			isa = XCConfigurationList;
			buildConfigurations = (
				EB688FA619EC5D99000EC48D /* Debug */,
				EB688FA719EC5D99000EC48D /* Release */,
			);
			defaultConfigurationIsVisible = 0;
			defaultConfigurationName = Release;
		};
		EB688FA819EC5D99000EC48D /* Build configuration list for PBXNativeTarget "PhotoFilterAppTests" */ = {
			isa = XCConfigurationList;
			buildConfigurations = (
				EB688FA919EC5D99000EC48D /* Debug */,
				EB688FAA19EC5D99000EC48D /* Release */,
			);
			defaultConfigurationIsVisible = 0;
			defaultConfigurationName = Release;
		};
/* End XCConfigurationList section */

/* Begin XCVersionGroup section */
		EB688F8A19EC5D99000EC48D /* PhotoFilterApp.xcdatamodeld */ = {
			isa = XCVersionGroup;
			children = (
				EB688F8B19EC5D99000EC48D /* PhotoFilterApp.xcdatamodel */,
			);
			currentVersion = EB688F8B19EC5D99000EC48D /* PhotoFilterApp.xcdatamodel */;
			path = PhotoFilterApp.xcdatamodeld;
			sourceTree = "<group>";
			versionGroupType = wrapper.xcdatamodel;
		};
/* End XCVersionGroup section */
	};
	rootObject = EB688F7B19EC5D99000EC48D /* Project object */;
}
